github.com/go-mojito/mojito v0.0.5 h1:1X6ZKUl0nXW4VNIEGj5wGI4LFzFl3zdLjB192ZcEErI=
github.com/go-mojito/mojito v0.0.5/go.mod h1:zO5bbG8Ts7MwZqqjErV5BBA+TqbV7FVgKYFG9RZaVKU=
github.com/go-mojito/mojito v0.0.6-0.20220511191818-e469fd814307 h1:clz69pidrObsfit/b6oJRlY6BFDSJDBq4NU7NlDTpLg=
github.com/go-mojito/mojito v0.0.6-0.20220511191818-e469fd814307/go.mod h1:zO5bbG8Ts7MwZqqjErV5BBA+TqbV7FVgKYFG9RZaVKU=
github.com/infinytum/injector v0.0.2 h1:isJZ27MvijpoQzzJaOWLqfyczp1EP9CM786Ef1KelFI=
github.com/infinytum/injector v0.0.2/go.mod h1:/8absiTs7Afl21cGagOLkXPrypVGZrOSkH4qu/IsP28=
github.com/infinytum/structures v0.0.2 h1:h/0EvNICrqynCKaKoO/6djR+cPLS2wj8KHAzPt0r4k0=
github.com/infinytum/structures v0.0.2/go.mod h1:4vDl7BamOX2fF0B+h2n/xGIorGv1u9ZQ9wgF6IW/Kc8=
github.com/julienschmidt/httprouter v1.3.0 h1:U0609e9tgbseu3rBINet9P48AI/D3oJs4dN7jwJOQ1U=
github.com/julienschmidt/httprouter v1.3.0/go.mod h1:JR6WtHb+2LUe8TCKY3cZOxFyyO8IZAc4RVcycCCAKdM=
github.com/mitchellh/hashstructure/v2 v2.0.2 h1:vGKWl0YJqUNxE8d+h8f6NJLcCJrgbhC4NcD46KavDd4=
github.com/mitchellh/hashstructure/v2 v2.0.2/go.mod h1:MG3aRVU/N29oo/V/IhBX8GR/zz4kQkprJgF2EVszyDE=
